dependencies:
- name: hlf-ca
  repository: https://apricity-dev.github.io/owkin-charts/
  version: 1.2.0
- name: hlf-ord
  repository: https://apricity-dev.github.io/owkin-charts/
  version: 2.0.0
- name: hlf-peer
  repository: https://apricity-dev.github.io/owkin-charts/
  version: 2.0.0
- name: hlf-couchdb
  repository: https://apricity-dev.github.io/owkin-charts/
  version: 1.0.7
- name: nginx-ingress
  repository: https://charts.helm.sh/stable
  version: 1.29.7
digest: sha256:4e012b67e8d4861303fbb4130017ce3594675abff4cdeb14eb2db4569b547ce7
generated: "2021-06-25T16:49:57.986905048+02:00"
